
Microsoft Visual Studio Solution File, Format Version 12.00
Project("{FAE04EC0-301F-11D3-BF4B-00C04F79EFBC}") = "Employee-base-api", "Employee-base-api\Employee-base-api.csproj", "{7C335826-3FCA-42BF-B280-9F821E11F610}"
EndProject
Global
	GlobalSection(SolutionConfigurationPlatforms) = preSolution
		Debug|Any CPU = Debug|Any CPU
		Release|Any CPU = Release|Any CPU
	EndGlobalSection
	GlobalSection(ProjectConfigurationPlatforms) = postSolution
		{7C335826-3FCA-42BF-B280-9F821E11F610}.Debug|Any CPU.ActiveCfg = Debug|Any CPU
		{7C335826-3FCA-42BF-B280-9F821E11F610}.Debug|Any CPU.Build.0 = Debug|Any CPU
		{7C335826-3FCA-42BF-B280-9F821E11F610}.Release|Any CPU.ActiveCfg = Release|Any CPU
		{7C335826-3FCA-42BF-B280-9F821E11F610}.Release|Any CPU.Build.0 = Release|Any CPU
	EndGlobalSection
EndGlobal
